// !$*UTF8*$!
{
	archiveVersion = 1;
	classes = {
	};
	objectVersion = 46;
	objects = {

/* Begin PBXBuildFile section */
		3609F54118C3B5C2DE6EF111 /* Pods_iBanksUA.framework in Frameworks */ = {isa = PBXBuildFile; fileRef = A8E863424E37ACBC303659D7 /* Pods_iBanksUA.framework */; };
		604A39E83B034B28EAC6AD9F /* Pods_iBanksUATests.framework in Frameworks */ = {isa = PBXBuildFile; fileRef = C3B4180D1AF75D1C9F5BEF0C /* Pods_iBanksUATests.framework */; };
		BF382FC51CFB381B00EA05B3 /* ComparationViewController.swift in Sources */ = {isa = PBXBuildFile; fileRef = BF382FC41CFB381B00EA05B3 /* ComparationViewController.swift */; };
		BF5A46301CF9C72A005FA9B4 /* CurrencyCell.swift in Sources */ = {isa = PBXBuildFile; fileRef = BF5A462F1CF9C72A005FA9B4 /* CurrencyCell.swift */; };
		BF919CE31CF9AD3F008DBB8A /* AppDelegate.swift in Sources */ = {isa = PBXBuildFile; fileRef = BF919CE21CF9AD3F008DBB8A /* AppDelegate.swift */; };
		BF919CE51CF9AD3F008DBB8A /* MasterViewController.swift in Sources */ = {isa = PBXBuildFile; fileRef = BF919CE41CF9AD3F008DBB8A /* MasterViewController.swift */; };
		BF919CE71CF9AD3F008DBB8A /* DetailViewController.swift in Sources */ = {isa = PBXBuildFile; fileRef = BF919CE61CF9AD3F008DBB8A /* DetailViewController.swift */; };
		BF919CEA1CF9AD3F008DBB8A /* Main.storyboard in Resources */ = {isa = PBXBuildFile; fileRef = BF919CE81CF9AD3F008DBB8A /* Main.storyboard */; };
		BF919CEC1CF9AD3F008DBB8A /* Assets.xcassets in Resources */ = {isa = PBXBuildFile; fileRef = BF919CEB1CF9AD3F008DBB8A /* Assets.xcassets */; };
		BF919CEF1CF9AD3F008DBB8A /* LaunchScreen.storyboard in Resources */ = {isa = PBXBuildFile; fileRef = BF919CED1CF9AD3F008DBB8A /* LaunchScreen.storyboard */; };
		BF919CFA1CF9AD3F008DBB8A /* iBanksUATests.swift in Sources */ = {isa = PBXBuildFile; fileRef = BF919CF91CF9AD3F008DBB8A /* iBanksUATests.swift */; };
		BF919D051CF9AD3F008DBB8A /* iBanksUAUITests.swift in Sources */ = {isa = PBXBuildFile; fileRef = BF919D041CF9AD3F008DBB8A /* iBanksUAUITests.swift */; };
		BF919D131CF9AFBA008DBB8A /* Constants.swift in Sources */ = {isa = PBXBuildFile; fileRef = BF919D121CF9AFBA008DBB8A /* Constants.swift */; };
		BF919D161CF9B1CA008DBB8A /* Bank.swift in Sources */ = {isa = PBXBuildFile; fileRef = BF919D151CF9B1CA008DBB8A /* Bank.swift */; };
		BF919D181CF9B58D008DBB8A /* Currency.swift in Sources */ = {isa = PBXBuildFile; fileRef = BF919D171CF9B58D008DBB8A /* Currency.swift */; };
		BFE5A2931CFDB66E00C1D8F0 /* CityBanksViewController.swift in Sources */ = {isa = PBXBuildFile; fileRef = BFE5A2921CFDB66E00C1D8F0 /* CityBanksViewController.swift */; };
		CCE6B82B8F400DAB45141017 /* Pods_iBanksUAUITests.framework in Frameworks */ = {isa = PBXBuildFile; fileRef = 2118906D8FC0B9171FB11542 /* Pods_iBanksUAUITests.framework */; };
/* End PBXBuildFile section */

/* Begin PBXContainerItemProxy section */
		BF919CF61CF9AD3F008DBB8A /* PBXContainerItemProxy */ = {
			isa = PBXContainerItemProxy;
			containerPortal = BF919CD71CF9AD3F008DBB8A /* Project object */;
			proxyType = 1;
			remoteGlobalIDString = BF919CDE1CF9AD3F008DBB8A;
			remoteInfo = iBanksUA;
		};
		BF919D011CF9AD3F008DBB8A /* PBXContainerItemProxy */ = {
			isa = PBXContainerItemProxy;
			containerPortal = BF919CD71CF9AD3F008DBB8A /* Project object */;
			proxyType = 1;
			remoteGlobalIDString = BF919CDE1CF9AD3F008DBB8A;
			remoteInfo = iBanksUA;
		};
/* End PBXContainerItemProxy section */

/* Begin PBXFileReference section */
		0145E93833F009835B9C7E73 /* Pods-iBanksUATests.debug.xcconfig */ = {isa = PBXFileReference; includeInIndex = 1; lastKnownFileType = text.xcconfig; name = "Pods-iBanksUATests.debug.xcconfig"; path = "Pods/Target Support Files/Pods-iBanksUATests/Pods-iBanksUATests.debug.xcconfig"; sourceTree = "<group>"; };
		1AC49A114597131E9DFB100F /* Pods-iBanksUA.release.xcconfig */ = {isa = PBXFileReference; includeInIndex = 1; lastKnownFileType = text.xcconfig; name = "Pods-iBanksUA.release.xcconfig"; path = "Pods/Target Support Files/Pods-iBanksUA/Pods-iBanksUA.release.xcconfig"; sourceTree = "<group>"; };
		2118906D8FC0B9171FB11542 /* Pods_iBanksUAUITests.framework */ = {isa = PBXFileReference; explicitFileType = wrapper.framework; includeInIndex = 0; path = Pods_iBanksUAUITests.framework; sourceTree = BUILT_PRODUCTS_DIR; };
		4755E85E0A721B225EC15739 /* Pods-iBanksUAUITests.release.xcconfig */ = {isa = PBXFileReference; includeInIndex = 1; lastKnownFileType = text.xcconfig; name = "Pods-iBanksUAUITests.release.xcconfig"; path = "Pods/Target Support Files/Pods-iBanksUAUITests/Pods-iBanksUAUITests.release.xcconfig"; sourceTree = "<group>"; };
		6069294843984C3936CEF9B9 /* Pods-iBanksUATests.release.xcconfig */ = {isa = PBXFileReference; includeInIndex = 1; lastKnownFileType = text.xcconfig; name = "Pods-iBanksUATests.release.xcconfig"; path = "Pods/Target Support Files/Pods-iBanksUATests/Pods-iBanksUATests.release.xcconfig"; sourceTree = "<group>"; };
		73CEFF40A4B02FCE40980C7A /* Pods-iBanksUAUITests.debug.xcconfig */ = {isa = PBXFileReference; includeInIndex = 1; lastKnownFileType = text.xcconfig; name = "Pods-iBanksUAUITests.debug.xcconfig"; path = "Pods/Target Support Files/Pods-iBanksUAUITests/Pods-iBanksUAUITests.debug.xcconfig"; sourceTree = "<group>"; };
		A8E863424E37ACBC303659D7 /* Pods_iBanksUA.framework */ = {isa = PBXFileReference; explicitFileType = wrapper.framework; includeInIndex = 0; path = Pods_iBanksUA.framework; sourceTree = BUILT_PRODUCTS_DIR; };
		BF382FC41CFB381B00EA05B3 /* ComparationViewController.swift */ = {isa = PBXFileReference; fileEncoding = 4; lastKnownFileType = sourcecode.swift; path = ComparationViewController.swift; sourceTree = "<group>"; };
		BF5A462F1CF9C72A005FA9B4 /* CurrencyCell.swift */ = {isa = PBXFileReference; fileEncoding = 4; lastKnownFileType = sourcecode.swift; path = CurrencyCell.swift; sourceTree = "<group>"; };
		BF919CDF1CF9AD3F008DBB8A /* iBanksUA.app */ = {isa = PBXFileReference; explicitFileType = wrapper.application; includeInIndex = 0; path = iBanksUA.app; sourceTree = BUILT_PRODUCTS_DIR; };
		BF919CE21CF9AD3F008DBB8A /* AppDelegate.swift */ = {isa = PBXFileReference; lastKnownFileType = sourcecode.swift; path = AppDelegate.swift; sourceTree = "<group>"; };
		BF919CE41CF9AD3F008DBB8A /* MasterViewController.swift */ = {isa = PBXFileReference; lastKnownFileType = sourcecode.swift; path = MasterViewController.swift; sourceTree = "<group>"; };
		BF919CE61CF9AD3F008DBB8A /* DetailViewController.swift */ = {isa = PBXFileReference; lastKnownFileType = sourcecode.swift; path = DetailViewController.swift; sourceTree = "<group>"; };
		BF919CE91CF9AD3F008DBB8A /* Base */ = {isa = PBXFileReference; lastKnownFileType = file.storyboard; name = Base; path = Base.lproj/Main.storyboard; sourceTree = "<group>"; };
		BF919CEB1CF9AD3F008DBB8A /* Assets.xcassets */ = {isa = PBXFileReference; lastKnownFileType = folder.assetcatalog; path = Assets.xcassets; sourceTree = "<group>"; };
		BF919CEE1CF9AD3F008DBB8A /* Base */ = {isa = PBXFileReference; lastKnownFileType = file.storyboard; name = Base; path = Base.lproj/LaunchScreen.storyboard; sourceTree = "<group>"; };
		BF919CF01CF9AD3F008DBB8A /* Info.plist */ = {isa = PBXFileReference; lastKnownFileType = text.plist.xml; path = Info.plist; sourceTree = "<group>"; };
		BF919CF51CF9AD3F008DBB8A /* iBanksUATests.xctest */ = {isa = PBXFileReference; explicitFileType = wrapper.cfbundle; includeInIndex = 0; path = iBanksUATests.xctest; sourceTree = BUILT_PRODUCTS_DIR; };
		BF919CF91CF9AD3F008DBB8A /* iBanksUATests.swift */ = {isa = PBXFileReference; lastKnownFileType = sourcecode.swift; path = iBanksUATests.swift; sourceTree = "<group>"; };
		BF919CFB1CF9AD3F008DBB8A /* Info.plist */ = {isa = PBXFileReference; lastKnownFileType = text.plist.xml; path = Info.plist; sourceTree = "<group>"; };
		BF919D001CF9AD3F008DBB8A /* iBanksUAUITests.xctest */ = {isa = PBXFileReference; explicitFileType = wrapper.cfbundle; includeInIndex = 0; path = iBanksUAUITests.xctest; sourceTree = BUILT_PRODUCTS_DIR; };
		BF919D041CF9AD3F008DBB8A /* iBanksUAUITests.swift */ = {isa = PBXFileReference; lastKnownFileType = sourcecode.swift; path = iBanksUAUITests.swift; sourceTree = "<group>"; };
		BF919D061CF9AD3F008DBB8A /* Info.plist */ = {isa = PBXFileReference; lastKnownFileType = text.plist.xml; path = Info.plist; sourceTree = "<group>"; };
		BF919D121CF9AFBA008DBB8A /* Constants.swift */ = {isa = PBXFileReference; fileEncoding = 4; lastKnownFileType = sourcecode.swift; path = Constants.swift; sourceTree = "<group>"; };
		BF919D151CF9B1CA008DBB8A /* Bank.swift */ = {isa = PBXFileReference; fileEncoding = 4; lastKnownFileType = sourcecode.swift; path = Bank.swift; sourceTree = "<group>"; };
		BF919D171CF9B58D008DBB8A /* Currency.swift */ = {isa = PBXFileReference; fileEncoding = 4; lastKnownFileType = sourcecode.swift; path = Currency.swift; sourceTree = "<group>"; };
		BFE5A2921CFDB66E00C1D8F0 /* CityBanksViewController.swift */ = {isa = PBXFileReference; fileEncoding = 4; lastKnownFileType = sourcecode.swift; path = CityBanksViewController.swift; sourceTree = "<group>"; };
		C3B4180D1AF75D1C9F5BEF0C /* Pods_iBanksUATests.framework */ = {isa = PBXFileReference; explicitFileType = wrapper.framework; includeInIndex = 0; path = Pods_iBanksUATests.framework; sourceTree = BUILT_PRODUCTS_DIR; };
		EFEECAA620F10063430D644D /* Pods-iBanksUA.debug.xcconfig */ = {isa = PBXFileReference; includeInIndex = 1; lastKnownFileType = text.xcconfig; name = "Pods-iBanksUA.debug.xcconfig"; path = "Pods/Target Support Files/Pods-iBanksUA/Pods-iBanksUA.debug.xcconfig"; sourceTree = "<group>"; };
/* End PBXFileReference section */

/* Begin PBXFrameworksBuildPhase section */
		BF919CDC1CF9AD3F008DBB8A /* Frameworks */ = {
			isa = PBXFrameworksBuildPhase;
			buildActionMask = 2147483647;
			files = (
				3609F54118C3B5C2DE6EF111 /* Pods_iBanksUA.framework in Frameworks */,
			);
			runOnlyForDeploymentPostprocessing = 0;
		};
		BF919CF21CF9AD3F008DBB8A /* Frameworks */ = {
			isa = PBXFrameworksBuildPhase;
			buildActionMask = 2147483647;
			files = (
				604A39E83B034B28EAC6AD9F /* Pods_iBanksUATests.framework in Frameworks */,
			);
			runOnlyForDeploymentPostprocessing = 0;
		};
		BF919CFD1CF9AD3F008DBB8A /* Frameworks */ = {
			isa = PBXFrameworksBuildPhase;
			buildActionMask = 2147483647;
			files = (
				CCE6B82B8F400DAB45141017 /* Pods_iBanksUAUITests.framework in Frameworks */,
			);
			runOnlyForDeploymentPostprocessing = 0;
		};
/* End PBXFrameworksBuildPhase section */

/* Begin PBXGroup section */
		41529CB001F20B8DB099E88C /* Frameworks */ = {
			isa = PBXGroup;
			children = (
				A8E863424E37ACBC303659D7 /* Pods_iBanksUA.framework */,
				C3B4180D1AF75D1C9F5BEF0C /* Pods_iBanksUATests.framework */,
				2118906D8FC0B9171FB11542 /* Pods_iBanksUAUITests.framework */,
			);
			name = Frameworks;
			sourceTree = "<group>";
		};
		947EA8D3BE8FF1A888A07A7F /* Pods */ = {
			isa = PBXGroup;
			children = (
				EFEECAA620F10063430D644D /* Pods-iBanksUA.debug.xcconfig */,
				1AC49A114597131E9DFB100F /* Pods-iBanksUA.release.xcconfig */,
				0145E93833F009835B9C7E73 /* Pods-iBanksUATests.debug.xcconfig */,
				6069294843984C3936CEF9B9 /* Pods-iBanksUATests.release.xcconfig */,
				73CEFF40A4B02FCE40980C7A /* Pods-iBanksUAUITests.debug.xcconfig */,
				4755E85E0A721B225EC15739 /* Pods-iBanksUAUITests.release.xcconfig */,
			);
			name = Pods;
			sourceTree = "<group>";
		};
		BF919CD61CF9AD3F008DBB8A = {
			isa = PBXGroup;
			children = (
				BF919CE11CF9AD3F008DBB8A /* iBanksUA */,
				BF919CF81CF9AD3F008DBB8A /* iBanksUATests */,
				BF919D031CF9AD3F008DBB8A /* iBanksUAUITests */,
				BF919CE01CF9AD3F008DBB8A /* Products */,
				947EA8D3BE8FF1A888A07A7F /* Pods */,
				41529CB001F20B8DB099E88C /* Frameworks */,
			);
			sourceTree = "<group>";
		};
		BF919CE01CF9AD3F008DBB8A /* Products */ = {
			isa = PBXGroup;
			children = (
				BF919CDF1CF9AD3F008DBB8A /* iBanksUA.app */,
				BF919CF51CF9AD3F008DBB8A /* iBanksUATests.xctest */,
				BF919D001CF9AD3F008DBB8A /* iBanksUAUITests.xctest */,
			);
			name = Products;
			sourceTree = "<group>";
		};
		BF919CE11CF9AD3F008DBB8A /* iBanksUA */ = {
			isa = PBXGroup;
			children = (
				BF919D1B1CF9B5A8008DBB8A /* Models */,
				BF919D1C1CF9B5AF008DBB8A /* Controllers */,
				BF919CE21CF9AD3F008DBB8A /* AppDelegate.swift */,
				BF919D121CF9AFBA008DBB8A /* Constants.swift */,
				BF919CE81CF9AD3F008DBB8A /* Main.storyboard */,
				BF919CEB1CF9AD3F008DBB8A /* Assets.xcassets */,
				BF919CED1CF9AD3F008DBB8A /* LaunchScreen.storyboard */,
				BF919CF01CF9AD3F008DBB8A /* Info.plist */,
			);
			path = iBanksUA;
			sourceTree = "<group>";
		};
		BF919CF81CF9AD3F008DBB8A /* iBanksUATests */ = {
			isa = PBXGroup;
			children = (
				BF919CF91CF9AD3F008DBB8A /* iBanksUATests.swift */,
				BF919CFB1CF9AD3F008DBB8A /* Info.plist */,
			);
			path = iBanksUATests;
			sourceTree = "<group>";
		};
		BF919D031CF9AD3F008DBB8A /* iBanksUAUITests */ = {
			isa = PBXGroup;
			children = (
				BF919D041CF9AD3F008DBB8A /* iBanksUAUITests.swift */,
				BF919D061CF9AD3F008DBB8A /* Info.plist */,
			);
			path = iBanksUAUITests;
			sourceTree = "<group>";
		};
		BF919D1B1CF9B5A8008DBB8A /* Models */ = {
			isa = PBXGroup;
			children = (
				BF5A462F1CF9C72A005FA9B4 /* CurrencyCell.swift */,
				BF919D151CF9B1CA008DBB8A /* Bank.swift */,
				BF919D171CF9B58D008DBB8A /* Currency.swift */,
			);
			name = Models;
			sourceTree = "<group>";
		};
		BF919D1C1CF9B5AF008DBB8A /* Controllers */ = {
			isa = PBXGroup;
			children = (
				BF919CE41CF9AD3F008DBB8A /* MasterViewController.swift */,
				BF919CE61CF9AD3F008DBB8A /* DetailViewController.swift */,
				BF382FC41CFB381B00EA05B3 /* ComparationViewController.swift */,
				BFE5A2921CFDB66E00C1D8F0 /* CityBanksViewController.swift */,
			);
			name = Controllers;
			sourceTree = "<group>";
		};
/* End PBXGroup section */

/* Begin PBXNativeTarget section */
		BF919CDE1CF9AD3F008DBB8A /* iBanksUA */ = {
			isa = PBXNativeTarget;
			buildConfigurationList = BF919D091CF9AD3F008DBB8A /* Build configuration list for PBXNativeTarget "iBanksUA" */;
			buildPhases = (
				20D3D6E6D4AE3971F8A96B24 /* 📦 Check Pods Manifest.lock */,
				BF919CDB1CF9AD3F008DBB8A /* Sources */,
				BF919CDC1CF9AD3F008DBB8A /* Frameworks */,
				BF919CDD1CF9AD3F008DBB8A /* Resources */,
				6C2C7318BF057433CFA67E00 /* 📦 Embed Pods Frameworks */,
				EA5B7F478E09629DEEF2370F /* 📦 Copy Pods Resources */,
			);
			buildRules = (
			);
			dependencies = (
			);
			name = iBanksUA;
			productName = iBanksUA;
			productReference = BF919CDF1CF9AD3F008DBB8A /* iBanksUA.app */;
			productType = "com.apple.product-type.application";
		};
		BF919CF41CF9AD3F008DBB8A /* iBanksUATests */ = {
			isa = PBXNativeTarget;
			buildConfigurationList = BF919D0C1CF9AD3F008DBB8A /* Build configuration list for PBXNativeTarget "iBanksUATests" */;
			buildPhases = (
				19D052BC2AE6185690EDE391 /* 📦 Check Pods Manifest.lock */,
				BF919CF11CF9AD3F008DBB8A /* Sources */,
				BF919CF21CF9AD3F008DBB8A /* Frameworks */,
				BF919CF31CF9AD3F008DBB8A /* Resources */,
				7FEBC761C667EC6D433DED6D /* 📦 Embed Pods Frameworks */,
				0BAAC9E276D9D637E26CE53D /* 📦 Copy Pods Resources */,
			);
			buildRules = (
			);
			dependencies = (
				BF919CF71CF9AD3F008DBB8A /* PBXTargetDependency */,
			);
			name = iBanksUATests;
			productName = iBanksUATests;
			productReference = BF919CF51CF9AD3F008DBB8A /* iBanksUATests.xctest */;
			productType = "com.apple.product-type.bundle.unit-test";
		};
		BF919CFF1CF9AD3F008DBB8A /* iBanksUAUITests */ = {
			isa = PBXNativeTarget;
			buildConfigurationList = BF919D0F1CF9AD3F008DBB8A /* Build configuration list for PBXNativeTarget "iBanksUAUITests" */;
			buildPhases = (
				073F172FD9D565FE87FF8ACC /* 📦 Check Pods Manifest.lock */,
				BF919CFC1CF9AD3F008DBB8A /* Sources */,
				BF919CFD1CF9AD3F008DBB8A /* Frameworks */,
				BF919CFE1CF9AD3F008DBB8A /* Resources */,
				D0A5C9F9752600BCCF06AE94 /* 📦 Copy Pods Resources */,
			);
			buildRules = (
			);
			dependencies = (
				BF919D021CF9AD3F008DBB8A /* PBXTargetDependency */,
			);
			name = iBanksUAUITests;
			productName = iBanksUAUITests;
			productReference = BF919D001CF9AD3F008DBB8A /* iBanksUAUITests.xctest */;
			productType = "com.apple.product-type.bundle.ui-testing";
		};
/* End PBXNativeTarget section */

/* Begin PBXProject section */
		BF919CD71CF9AD3F008DBB8A /* Project object */ = {
			isa = PBXProject;
			attributes = {
				LastSwiftUpdateCheck = 0730;
				LastUpgradeCheck = 0730;
				ORGANIZATIONNAME = "Taras Pasichnyk";
				TargetAttributes = {
					BF919CDE1CF9AD3F008DBB8A = {
						CreatedOnToolsVersion = 7.3.1;
						DevelopmentTeam = M96K5GV7MA;
					};
					BF919CF41CF9AD3F008DBB8A = {
						CreatedOnToolsVersion = 7.3.1;
						DevelopmentTeam = M96K5GV7MA;
						TestTargetID = BF919CDE1CF9AD3F008DBB8A;
					};
					BF919CFF1CF9AD3F008DBB8A = {
						CreatedOnToolsVersion = 7.3.1;
						DevelopmentTeam = M96K5GV7MA;
						TestTargetID = BF919CDE1CF9AD3F008DBB8A;
					};
				};
			};
			buildConfigurationList = BF919CDA1CF9AD3F008DBB8A /* Build configuration list for PBXProject "iBanksUA" */;
			compatibilityVersion = "Xcode 3.2";
			developmentRegion = English;
			hasScannedForEncodings = 0;
			knownRegions = (
				en,
				Base,
			);
			mainGroup = BF919CD61CF9AD3F008DBB8A;
			productRefGroup = BF919CE01CF9AD3F008DBB8A /* Products */;
			projectDirPath = "";
			projectRoot = "";
			targets = (
				BF919CDE1CF9AD3F008DBB8A /* iBanksUA */,
				BF919CF41CF9AD3F008DBB8A /* iBanksUATests */,
				BF919CFF1CF9AD3F008DBB8A /* iBanksUAUITests */,
			);
		};
/* End PBXProject section */

/* Begin PBXResourcesBuildPhase section */
		BF919CDD1CF9AD3F008DBB8A /* Resources */ = {
			isa = PBXResourcesBuildPhase;
			buildActionMask = 2147483647;
			files = (
				BF919CEF1CF9AD3F008DBB8A /* LaunchScreen.storyboard in Resources */,
				BF919CEC1CF9AD3F008DBB8A /* Assets.xcassets in Resources */,
				BF919CEA1CF9AD3F008DBB8A /* Main.storyboard in Resources */,
			);
			runOnlyForDeploymentPostprocessing = 0;
		};
		BF919CF31CF9AD3F008DBB8A /* Resources */ = {
			isa = PBXResourcesBuildPhase;
			buildActionMask = 2147483647;
			files = (
			);
			runOnlyForDeploymentPostprocessing = 0;
		};
		BF919CFE1CF9AD3F008DBB8A /* Resources */ = {
			isa = PBXResourcesBuildPhase;
			buildActionMask = 2147483647;
			files = (
			);
			runOnlyForDeploymentPostprocessing = 0;
		};
/* End PBXResourcesBuildPhase section */

/* Begin PBXShellScriptBuildPhase section */
		073F172FD9D565FE87FF8ACC /* 📦 Check Pods Manifest.lock */ = {
			isa = PBXShellScriptBuildPhase;
			buildActionMask = 2147483647;
			files = (
			);
			inputPaths = (
			);
			name = "📦 Check Pods Manifest.lock";
			outputPaths = (
			);
			runOnlyForDeploymentPostprocessing = 0;
			shellPath = /bin/sh;
			shellScript = "diff \"${PODS_ROOT}/../Podfile.lock\" \"${PODS_ROOT}/Manifest.lock\" > /dev/null\nif [[ $? != 0 ]] ; then\n    cat << EOM\nerror: The sandbox is not in sync with the Podfile.lock. Run 'pod install' or update your CocoaPods installation.\nEOM\n    exit 1\nfi\n";
			showEnvVarsInLog = 0;
		};
		0BAAC9E276D9D637E26CE53D /* 📦 Copy Pods Resources */ = {
			isa = PBXShellScriptBuildPhase;
			buildActionMask = 2147483647;
			files = (
			);
			inputPaths = (
			);
			name = "📦 Copy Pods Resources";
			outputPaths = (
			);
			runOnlyForDeploymentPostprocessing = 0;
			shellPath = /bin/sh;
			shellScript = "\"${SRCROOT}/Pods/Target Support Files/Pods-iBanksUATests/Pods-iBanksUATests-resources.sh\"\n";
			showEnvVarsInLog = 0;
		};
		19D052BC2AE6185690EDE391 /* 📦 Check Pods Manifest.lock */ = {
			isa = PBXShellScriptBuildPhase;
			buildActionMask = 2147483647;
			files = (
			);
			inputPaths = (
			);
			name = "📦 Check Pods Manifest.lock";
			outputPaths = (
			);
			runOnlyForDeploymentPostprocessing = 0;
			shellPath = /bin/sh;
			shellScript = "diff \"${PODS_ROOT}/../Podfile.lock\" \"${PODS_ROOT}/Manifest.lock\" > /dev/null\nif [[ $? != 0 ]] ; then\n    cat << EOM\nerror: The sandbox is not in sync with the Podfile.lock. Run 'pod install' or update your CocoaPods installation.\nEOM\n    exit 1\nfi\n";
			showEnvVarsInLog = 0;
		};
		20D3D6E6D4AE3971F8A96B24 /* 📦 Check Pods Manifest.lock */ = {
			isa = PBXShellScriptBuildPhase;
			buildActionMask = 2147483647;
			files = (
			);
			inputPaths = (
			);
			name = "📦 Check Pods Manifest.lock";
			outputPaths = (
			);
			runOnlyForDeploymentPostprocessing = 0;
			shellPath = /bin/sh;
			shellScript = "diff \"${PODS_ROOT}/../Podfile.lock\" \"${PODS_ROOT}/Manifest.lock\" > /dev/null\nif [[ $? != 0 ]] ; then\n    cat << EOM\nerror: The sandbox is not in sync with the Podfile.lock. Run 'pod install' or update your CocoaPods installation.\nEOM\n    exit 1\nfi\n";
			showEnvVarsInLog = 0;
		};
		6C2C7318BF057433CFA67E00 /* 📦 Embed Pods Frameworks */ = {
			isa = PBXShellScriptBuildPhase;
			buildActionMask = 2147483647;
			files = (
			);
			inputPaths = (
			);
			name = "📦 Embed Pods Frameworks";
			outputPaths = (
			);
			runOnlyForDeploymentPostprocessing = 0;
			shellPath = /bin/sh;
			shellScript = "\"${SRCROOT}/Pods/Target Support Files/Pods-iBanksUA/Pods-iBanksUA-frameworks.sh\"\n";
			showEnvVarsInLog = 0;
		};
		7FEBC761C667EC6D433DED6D /* 📦 Embed Pods Frameworks */ = {
			isa = PBXShellScriptBuildPhase;
			buildActionMask = 2147483647;
			files = (
			);
			inputPaths = (
			);
			name = "📦 Embed Pods Frameworks";
			outputPaths = (
			);
			runOnlyForDeploymentPostprocessing = 0;
			shellPath = /bin/sh;
			shellScript = "\"${SRCROOT}/Pods/Target Support Files/Pods-iBanksUATests/Pods-iBanksUATests-frameworks.sh\"\n";
			showEnvVarsInLog = 0;
		};
		D0A5C9F9752600BCCF06AE94 /* 📦 Copy Pods Resources */ = {
			isa = PBXShellScriptBuildPhase;
			buildActionMask = 2147483647;
			files = (
			);
			inputPaths = (
			);
			name = "📦 Copy Pods Resources";
			outputPaths = (
			);
			runOnlyForDeploymentPostprocessing = 0;
			shellPath = /bin/sh;
			shellScript = "\"${SRCROOT}/Pods/Target Support Files/Pods-iBanksUAUITests/Pods-iBanksUAUITests-resources.sh\"\n";
			showEnvVarsInLog = 0;
		};
		EA5B7F478E09629DEEF2370F /* 📦 Copy Pods Resources */ = {
			isa = PBXShellScriptBuildPhase;
			buildActionMask = 2147483647;
			files = (
			);
			inputPaths = (
			);
			name = "📦 Copy Pods Resources";
			outputPaths = (
			);
			runOnlyForDeploymentPostprocessing = 0;
			shellPath = /bin/sh;
			shellScript = "\"${SRCROOT}/Pods/Target Support Files/Pods-iBanksUA/Pods-iBanksUA-resources.sh\"\n";
			showEnvVarsInLog = 0;
		};
/* End PBXShellScriptBuildPhase section */

/* Begin PBXSourcesBuildPhase section */
		BF919CDB1CF9AD3F008DBB8A /* Sources */ = {
			isa = PBXSourcesBuildPhase;
			buildActionMask = 2147483647;
			files = (
				BF919D181CF9B58D008DBB8A /* Currency.swift in Sources */,
				BF919CE71CF9AD3F008DBB8A /* DetailViewController.swift in Sources */,
				BF919CE51CF9AD3F008DBB8A /* MasterViewController.swift in Sources */,
				BF919D161CF9B1CA008DBB8A /* Bank.swift in Sources */,
				BF5A46301CF9C72A005FA9B4 /* CurrencyCell.swift in Sources */,
				BF919CE31CF9AD3F008DBB8A /* AppDelegate.swift in Sources */,
				BFE5A2931CFDB66E00C1D8F0 /* CityBanksViewController.swift in Sources */,
				BF382FC51CFB381B00EA05B3 /* ComparationViewController.swift in Sources */,
				BF919D131CF9AFBA008DBB8A /* Constants.swift in Sources */,
			);
			runOnlyForDeploymentPostprocessing = 0;
		};
		BF919CF11CF9AD3F008DBB8A /* Sources */ = {
			isa = PBXSourcesBuildPhase;
			buildActionMask = 2147483647;
			files = (
				BF919CFA1CF9AD3F008DBB8A /* iBanksUATests.swift in Sources */,
			);
			runOnlyForDeploymentPostprocessing = 0;
		};
		BF919CFC1CF9AD3F008DBB8A /* Sources */ = {
			isa = PBXSourcesBuildPhase;
			buildActionMask = 2147483647;
			files = (
				BF919D051CF9AD3F008DBB8A /* iBanksUAUITests.swift in Sources */,
			);
			runOnlyForDeploymentPostprocessing = 0;
		};
/* End PBXSourcesBuildPhase section */

/* Begin PBXTargetDependency section */
		BF919CF71CF9AD3F008DBB8A /* PBXTargetDependency */ = {
			isa = PBXTargetDependency;
			target = BF919CDE1CF9AD3F008DBB8A /* iBanksUA */;
			targetProxy = BF919CF61CF9AD3F008DBB8A /* PBXContainerItemProxy */;
		};
		BF919D021CF9AD3F008DBB8A /* PBXTargetDependency */ = {
			isa = PBXTargetDependency;
			target = BF919CDE1CF9AD3F008DBB8A /* iBanksUA */;
			targetProxy = BF919D011CF9AD3F008DBB8A /* PBXContainerItemProxy */;
		};
/* End PBXTargetDependency section */

/* Begin PBXVariantGroup section */
		BF919CE81CF9AD3F008DBB8A /* Main.storyboard */ = {
			isa = PBXVariantGroup;
			children = (
				BF919CE91CF9AD3F008DBB8A /* Base */,
			);
			name = Main.storyboard;
			sourceTree = "<group>";
		};
		BF919CED1CF9AD3F008DBB8A /* LaunchScreen.storyboard */ = {
			isa = PBXVariantGroup;
			children = (
				BF919CEE1CF9AD3F008DBB8A /* Base */,
			);
			name = LaunchScreen.storyboard;
			sourceTree = "<group>";
		};
/* End PBXVariantGroup section */

/* Begin XCBuildConfiguration section */
		BF919D071CF9AD3F008DBB8A /* Debug */ = {
			isa = XCBuildConfiguration;
			buildSettings = {
				ALWAYS_SEARCH_USER_PATHS = NO;
				CLANG_ANALYZER_NONNULL = YES;
				CLANG_CXX_LANGUAGE_STANDARD = "gnu++0x";
				CLANG_CXX_LIBRARY = "libc++";
				CLANG_ENABLE_MODULES = YES;
				CLANG_ENABLE_OBJC_ARC = YES;
				CLANG_WARN_BOOL_CONVERSION = YES;
				CLANG_WARN_CONSTANT_CONVERSION = YES;
				CLANG_WARN_DIRECT_OBJC_ISA_USAGE = YES_ERROR;
				CLANG_WARN_EMPTY_BODY = YES;
				CLANG_WARN_ENUM_CONVERSION = YES;
				CLANG_WARN_INT_CONVERSION = YES;
				CLANG_WARN_OBJC_ROOT_CLASS = YES_ERROR;
				CLANG_WARN_UNREACHABLE_CODE = YES;
				CLANG_WARN__DUPLICATE_METHOD_MATCH = YES;
				"CODE_SIGN_IDENTITY[sdk=iphoneos*]" = "iPhone Developer";
				COPY_PHASE_STRIP = NO;
				DEBUG_INFORMATION_FORMAT = dwarf;
				ENABLE_STRICT_OBJC_MSGSEND = YES;
				ENABLE_TESTABILITY = YES;
				GCC_C_LANGUAGE_STANDARD = gnu99;
				GCC_DYNAMIC_NO_PIC = NO;
				GCC_NO_COMMON_BLOCKS = YES;
				GCC_OPTIMIZATION_LEVEL = 0;
				GCC_PREPROCESSOR_DEFINITIONS = (
					"DEBUG=1",
					"$(inherited)",
				);
				GCC_WARN_64_TO_32_BIT_CONVERSION = YES;
				GCC_WARN_ABOUT_RETURN_TYPE = YES_ERROR;
				GCC_WARN_UNDECLARED_SELECTOR = YES;
				GCC_WARN_UNINITIALIZED_AUTOS = YES_AGGRESSIVE;
				GCC_WARN_UNUSED_FUNCTION = YES;
				GCC_WARN_UNUSED_VARIABLE = YES;
				IPHONEOS_DEPLOYMENT_TARGET = 9.3;
				MTL_ENABLE_DEBUG_INFO = YES;
				ONLY_ACTIVE_ARCH = YES;
				SDKROOT = iphoneos;
				SWIFT_OPTIMIZATION_LEVEL = "-Onone";
				TARGETED_DEVICE_FAMILY = "1,2";
			};
			name = Debug;
		};
		BF919D081CF9AD3F008DBB8A /* Release */ = {
			isa = XCBuildConfiguration;
			buildSettings = {
				ALWAYS_SEARCH_USER_PATHS = NO;
				CLANG_ANALYZER_NONNULL = YES;
				CLANG_CXX_LANGUAGE_STANDARD = "gnu++0x";
				CLANG_CXX_LIBRARY = "libc++";
				CLANG_ENABLE_MODULES = YES;
				CLANG_ENABLE_OBJC_ARC = YES;
				CLANG_WARN_BOOL_CONVERSION = YES;
				CLANG_WARN_CONSTANT_CONVERSION = YES;
				CLANG_WARN_DIRECT_OBJC_ISA_USAGE = YES_ERROR;
				CLANG_WARN_EMPTY_BODY = YES;
				CLANG_WARN_ENUM_CONVERSION = YES;
				CLANG_WARN_INT_CONVERSION = YES;
				CLANG_WARN_OBJC_ROOT_CLASS = YES_ERROR;
				CLANG_WARN_UNREACHABLE_CODE = YES;
				CLANG_WARN__DUPLICATE_METHOD_MATCH = YES;
				"CODE_SIGN_IDENTITY[sdk=iphoneos*]" = "iPhone Developer";
				COPY_PHASE_STRIP = NO;
				DEBUG_INFORMATION_FORMAT = "dwarf-with-dsym";
				ENABLE_NS_ASSERTIONS = NO;
				ENABLE_STRICT_OBJC_MSGSEND = YES;
				GCC_C_LANGUAGE_STANDARD = gnu99;
				GCC_NO_COMMON_BLOCKS = YES;
				GCC_WARN_64_TO_32_BIT_CONVERSION = YES;
				GCC_WARN_ABOUT_RETURN_TYPE = YES_ERROR;
				GCC_WARN_UNDECLARED_SELECTOR = YES;
				GCC_WARN_UNINITIALIZED_AUTOS = YES_AGGRESSIVE;
				GCC_WARN_UNUSED_FUNCTION = YES;
				GCC_WARN_UNUSED_VARIABLE = YES;
				IPHONEOS_DEPLOYMENT_TARGET = 9.3;
				MTL_ENABLE_DEBUG_INFO = NO;
				SDKROOT = iphoneos;
				TARGETED_DEVICE_FAMILY = "1,2";
				VALIDATE_PRODUCT = YES;
			};
			name = Release;
		};
		BF919D0A1CF9AD3F008DBB8A /* Debug */ = {
			isa = XCBuildConfiguration;
			baseConfigurationReference = EFEECAA620F10063430D644D /* Pods-iBanksUA.debug.xcconfig */;
			buildSettings = {
				ASSETCATALOG_COMPILER_APPICON_NAME = AppIcon;
				CODE_SIGN_IDENTITY = "iPhone Developer";
				"CODE_SIGN_IDENTITY[sdk=iphoneos*]" = "iPhone Developer";
				INFOPLIST_FILE = iBanksUA/Info.plist;
				LD_RUNPATH_SEARCH_PATHS = "$(inherited) @executable_path/Frameworks";
				PRODUCT_BUNDLE_IDENTIFIER = com.Hardteam.iBanksUA;
				PRODUCT_NAME = "$(TARGET_NAME)";
				PROVISIONING_PROFILE = "";
			};
			name = Debug;
		};
		BF919D0B1CF9AD3F008DBB8A /* Release */ = {
			isa = XCBuildConfiguration;
			baseConfigurationReference = 1AC49A114597131E9DFB100F /* Pods-iBanksUA.release.xcconfig */;
			buildSettings = {
				ASSETCATALOG_COMPILER_APPICON_NAME = AppIcon;
				CODE_SIGN_IDENTITY = "iPhone Developer";
				"CODE_SIGN_IDENTITY[sdk=iphoneos*]" = "iPhone Developer";
				INFOPLIST_FILE = iBanksUA/Info.plist;
				LD_RUNPATH_SEARCH_PATHS = "$(inherited) @executable_path/Frameworks";
				PRODUCT_BUNDLE_IDENTIFIER = com.Hardteam.iBanksUA;
				PRODUCT_NAME = "$(TARGET_NAME)";
				PROVISIONING_PROFILE = "";
			};
			name = Release;
		};
		BF919D0D1CF9AD3F008DBB8A /* Debug */ = {
			isa = XCBuildConfiguration;
			baseConfigurationReference = 0145E93833F009835B9C7E73 /* Pods-iBanksUATests.debug.xcconfig */;
			buildSettings = {
				BUNDLE_LOADER = "$(TEST_HOST)";
				INFOPLIST_FILE = iBanksUATests/Info.plist;
				LD_RUNPATH_SEARCH_PATHS = "$(inherited) @executable_path/Frameworks @loader_path/Frameworks";
				PRODUCT_BUNDLE_IDENTIFIER = com.Hardteam.iBanksUATests;
				PRODUCT_NAME = "$(TARGET_NAME)";
				TEST_HOST = "$(BUILT_PRODUCTS_DIR)/iBanksUA.app/iBanksUA";
			};
			name = Debug;
		};
		BF919D0E1CF9AD3F008DBB8A /* Release */ = {
			isa = XCBuildConfiguration;
			baseConfigurationReference = 6069294843984C3936CEF9B9 /* Pods-iBanksUATests.release.xcconfig */;
			buildSettings = {
				BUNDLE_LOADER = "$(TEST_HOST)";
				INFOPLIST_FILE = iBanksUATests/Info.plist;
				LD_RUNPATH_SEARCH_PATHS = "$(inherited) @executable_path/Frameworks @loader_path/Frameworks";
				PRODUCT_BUNDLE_IDENTIFIER = com.Hardteam.iBanksUATests;
				PRODUCT_NAME = "$(TARGET_NAME)";
				TEST_HOST = "$(BUILT_PRODUCTS_DIR)/iBanksUA.app/iBanksUA";
			};
			name = Release;
		};
		BF919D101CF9AD3F008DBB8A /* Debug */ = {
			isa = XCBuildConfiguration;
			baseConfigurationReference = 73CEFF40A4B02FCE40980C7A /* Pods-iBanksUAUITests.debug.xcconfig */;
			buildSettings = {
				INFOPLIST_FILE = iBanksUAUITests/Info.plist;
				LD_RUNPATH_SEARCH_PATHS = "$(inherited) @executable_path/Frameworks @loader_path/Frameworks";
				PRODUCT_BUNDLE_IDENTIFIER = com.Hardteam.iBanksUAUITests;
				PRODUCT_NAME = "$(TARGET_NAME)";
				TEST_TARGET_NAME = iBanksUA;
			};
			name = Debug;
		};
		BF919D111CF9AD3F008DBB8A /* Release */ = {
			isa = XCBuildConfiguration;
			baseConfigurationReference = 4755E85E0A721B225EC15739 /* Pods-iBanksUAUITests.release.xcconfig */;
			buildSettings = {
				INFOPLIST_FILE = iBanksUAUITests/Info.plist;
				LD_RUNPATH_SEARCH_PATHS = "$(inherited) @executable_path/Frameworks @loader_path/Frameworks";
				PRODUCT_BUNDLE_IDENTIFIER = com.Hardteam.iBanksUAUITests;
				PRODUCT_NAME = "$(TARGET_NAME)";
				TEST_TARGET_NAME = iBanksUA;
			};
			name = Release;
		};
/* End XCBuildConfiguration section */

/* Begin XCConfigurationList section */
		BF919CDA1CF9AD3F008DBB8A /* Build configuration list for PBXProject "iBanksUA" */ = {
			isa = XCConfigurationList;
			buildConfigurations = (
				BF919D071CF9AD3F008DBB8A /* Debug */,
				BF919D081CF9AD3F008DBB8A /* Release */,
			);
			defaultConfigurationIsVisible = 0;
			defaultConfigurationName = Release;
		};
		BF919D091CF9AD3F008DBB8A /* Build configuration list for PBXNativeTarget "iBanksUA" */ = {
			isa = XCConfigurationList;
			buildConfigurations = (
				BF919D0A1CF9AD3F008DBB8A /* Debug */,
				BF919D0B1CF9AD3F008DBB8A /* Release */,
			);
			defaultConfigurationIsVisible = 0;
			defaultConfigurationName = Release;
		};
		BF919D0C1CF9AD3F008DBB8A /* Build configuration list for PBXNativeTarget "iBanksUATests" */ = {
			isa = XCConfigurationList;
			buildConfigurations = (
				BF919D0D1CF9AD3F008DBB8A /* Debug */,
				BF919D0E1CF9AD3F008DBB8A /* Release */,
			);
			defaultConfigurationIsVisible = 0;
			defaultConfigurationName = Release;
		};
		BF919D0F1CF9AD3F008DBB8A /* Build configuration list for PBXNativeTarget "iBanksUAUITests" */ = {
			isa = XCConfigurationList;
			buildConfigurations = (
				BF919D101CF9AD3F008DBB8A /* Debug */,
				BF919D111CF9AD3F008DBB8A /* Release */,
			);
			defaultConfigurationIsVisible = 0;
			defaultConfigurationName = Release;
		};
/* End XCConfigurationList section */
	};
	rootObject = BF919CD71CF9AD3F008DBB8A /* Project object */;
}
